// !$*UTF8*$!
{
	archiveVersion = 1;
	classes = {
	};
	objectVersion = 56;
	objects = {

/* Begin PBXBuildFile section */
		E7A9670C2C4C50660060459E /* CandidOpsApp.swift in Sources */ = {isa = PBXBuildFile; fileRef = E7A9670B2C4C50660060459E /* CandidOpsApp.swift */; };
		E7A9670E2C4C50660060459E /* ContentView.swift in Sources */ = {isa = PBXBuildFile; fileRef = E7A9670D2C4C50660060459E /* ContentView.swift */; };
		E7A967102C4C50680060459E /* Assets.xcassets in Resources */ = {isa = PBXBuildFile; fileRef = E7A9670F2C4C50680060459E /* Assets.xcassets */; };
		E7A967132C4C50680060459E /* Preview Assets.xcassets in Resources */ = {isa = PBXBuildFile; fileRef = E7A967122C4C50680060459E /* Preview Assets.xcassets */; };
		E7A9671D2C4C50680060459E /* CandidOpsTests.swift in Sources */ = {isa = PBXBuildFile; fileRef = E7A9671C2C4C50680060459E /* CandidOpsTests.swift */; };
		E7A967272C4C50680060459E /* CandidOpsUITests.swift in Sources */ = {isa = PBXBuildFile; fileRef = E7A967262C4C50680060459E /* CandidOpsUITests.swift */; };
		E7A967292C4C50680060459E /* CandidOpsUITestsLaunchTests.swift in Sources */ = {isa = PBXBuildFile; fileRef = E7A967282C4C50680060459E /* CandidOpsUITestsLaunchTests.swift */; };
		E7A967362C4C51DA0060459E /* LoginView.swift in Sources */ = {isa = PBXBuildFile; fileRef = E7A967352C4C51DA0060459E /* LoginView.swift */; };
		E7A967382C4C597A0060459E /* RegistrationView.swift in Sources */ = {isa = PBXBuildFile; fileRef = E7A967372C4C597A0060459E /* RegistrationView.swift */; };
		E7A9673E2C4C5B330060459E /* ImagePicker.swift in Sources */ = {isa = PBXBuildFile; fileRef = E7A9673D2C4C5B330060459E /* ImagePicker.swift */; };
/* End PBXBuildFile section */

/* Begin PBXContainerItemProxy section */
		E7A967192C4C50680060459E /* PBXContainerItemProxy */ = {
			isa = PBXContainerItemProxy;
			containerPortal = E7A967002C4C50660060459E /* Project object */;
			proxyType = 1;
			remoteGlobalIDString = E7A967072C4C50660060459E;
			remoteInfo = CandidOps;
		};
		E7A967232C4C50680060459E /* PBXContainerItemProxy */ = {
			isa = PBXContainerItemProxy;
			containerPortal = E7A967002C4C50660060459E /* Project object */;
			proxyType = 1;
			remoteGlobalIDString = E7A967072C4C50660060459E;
			remoteInfo = CandidOps;
		};
/* End PBXContainerItemProxy section */

/* Begin PBXFileReference section */
		E7A967082C4C50660060459E /* CandidOps.app */ = {isa = PBXFileReference; explicitFileType = wrapper.application; includeInIndex = 0; path = CandidOps.app; sourceTree = BUILT_PRODUCTS_DIR; };
		E7A9670B2C4C50660060459E /* CandidOpsApp.swift */ = {isa = PBXFileReference; lastKnownFileType = sourcecode.swift; path = CandidOpsApp.swift; sourceTree = "<group>"; };
		E7A9670D2C4C50660060459E /* ContentView.swift */ = {isa = PBXFileReference; lastKnownFileType = sourcecode.swift; path = ContentView.swift; sourceTree = "<group>"; };
		E7A9670F2C4C50680060459E /* Assets.xcassets */ = {isa = PBXFileReference; lastKnownFileType = folder.assetcatalog; path = Assets.xcassets; sourceTree = "<group>"; };
		E7A967122C4C50680060459E /* Preview Assets.xcassets */ = {isa = PBXFileReference; lastKnownFileType = folder.assetcatalog; path = "Preview Assets.xcassets"; sourceTree = "<group>"; };
		E7A967182C4C50680060459E /* CandidOpsTests.xctest */ = {isa = PBXFileReference; explicitFileType = wrapper.cfbundle; includeInIndex = 0; path = CandidOpsTests.xctest; sourceTree = BUILT_PRODUCTS_DIR; };
		E7A9671C2C4C50680060459E /* CandidOpsTests.swift */ = {isa = PBXFileReference; lastKnownFileType = sourcecode.swift; path = CandidOpsTests.swift; sourceTree = "<group>"; };
		E7A967222C4C50680060459E /* CandidOpsUITests.xctest */ = {isa = PBXFileReference; explicitFileType = wrapper.cfbundle; includeInIndex = 0; path = CandidOpsUITests.xctest; sourceTree = BUILT_PRODUCTS_DIR; };
		E7A967262C4C50680060459E /* CandidOpsUITests.swift */ = {isa = PBXFileReference; lastKnownFileType = sourcecode.swift; path = CandidOpsUITests.swift; sourceTree = "<group>"; };
		E7A967282C4C50680060459E /* CandidOpsUITestsLaunchTests.swift */ = {isa = PBXFileReference; lastKnownFileType = sourcecode.swift; path = CandidOpsUITestsLaunchTests.swift; sourceTree = "<group>"; };
		E7A967352C4C51DA0060459E /* LoginView.swift */ = {isa = PBXFileReference; lastKnownFileType = sourcecode.swift; path = LoginView.swift; sourceTree = "<group>"; };
		E7A967372C4C597A0060459E /* RegistrationView.swift */ = {isa = PBXFileReference; lastKnownFileType = sourcecode.swift; path = RegistrationView.swift; sourceTree = "<group>"; };
		E7A9673D2C4C5B330060459E /* ImagePicker.swift */ = {isa = PBXFileReference; lastKnownFileType = sourcecode.swift; path = ImagePicker.swift; sourceTree = "<group>"; };
/* End PBXFileReference section */

/* Begin PBXFrameworksBuildPhase section */
		E7A967052C4C50660060459E /* Frameworks */ = {
			isa = PBXFrameworksBuildPhase;
			buildActionMask = 2147483647;
			files = (
			);
			runOnlyForDeploymentPostprocessing = 0;
		};
		E7A967152C4C50680060459E /* Frameworks */ = {
			isa = PBXFrameworksBuildPhase;
			buildActionMask = 2147483647;
			files = (
			);
			runOnlyForDeploymentPostprocessing = 0;
		};
		E7A9671F2C4C50680060459E /* Frameworks */ = {
			isa = PBXFrameworksBuildPhase;
			buildActionMask = 2147483647;
			files = (
			);
			runOnlyForDeploymentPostprocessing = 0;
		};
/* End PBXFrameworksBuildPhase section */

/* Begin PBXGroup section */
		E7A966FF2C4C50660060459E = {
			isa = PBXGroup;
			children = (
				E7A9670A2C4C50660060459E /* CandidOps */,
				E7A9671B2C4C50680060459E /* CandidOpsTests */,
				E7A967252C4C50680060459E /* CandidOpsUITests */,
				E7A967092C4C50660060459E /* Products */,
			);
			sourceTree = "<group>";
		};
		E7A967092C4C50660060459E /* Products */ = {
			isa = PBXGroup;
			children = (
				E7A967082C4C50660060459E /* CandidOps.app */,
				E7A967182C4C50680060459E /* CandidOpsTests.xctest */,
				E7A967222C4C50680060459E /* CandidOpsUITests.xctest */,
			);
			name = Products;
			sourceTree = "<group>";
		};
		E7A9670A2C4C50660060459E /* CandidOps */ = {
			isa = PBXGroup;
			children = (
				E7A9670B2C4C50660060459E /* CandidOpsApp.swift */,
				E7A9670D2C4C50660060459E /* ContentView.swift */,
				E7A9670F2C4C50680060459E /* Assets.xcassets */,
				E7A967112C4C50680060459E /* Preview Content */,
				E7A967352C4C51DA0060459E /* LoginView.swift */,
				E7A967372C4C597A0060459E /* RegistrationView.swift */,
				E7A9673D2C4C5B330060459E /* ImagePicker.swift */,
			);
			path = CandidOps;
			sourceTree = "<group>";
		};
		E7A967112C4C50680060459E /* Preview Content */ = {
			isa = PBXGroup;
			children = (
				E7A967122C4C50680060459E /* Preview Assets.xcassets */,
			);
			path = "Preview Content";
			sourceTree = "<group>";
		};
		E7A9671B2C4C50680060459E /* CandidOpsTests */ = {
			isa = PBXGroup;
			children = (
				E7A9671C2C4C50680060459E /* CandidOpsTests.swift */,
			);
			path = CandidOpsTests;
			sourceTree = "<group>";
		};
		E7A967252C4C50680060459E /* CandidOpsUITests */ = {
			isa = PBXGroup;
			children = (
				E7A967262C4C50680060459E /* CandidOpsUITests.swift */,
				E7A967282C4C50680060459E /* CandidOpsUITestsLaunchTests.swift */,
			);
			path = CandidOpsUITests;
			sourceTree = "<group>";
		};
/* End PBXGroup section */

/* Begin PBXNativeTarget section */
		E7A967072C4C50660060459E /* CandidOps */ = {
			isa = PBXNativeTarget;
			buildConfigurationList = E7A9672C2C4C50680060459E /* Build configuration list for PBXNativeTarget "CandidOps" */;
			buildPhases = (
				E7A967042C4C50660060459E /* Sources */,
				E7A967052C4C50660060459E /* Frameworks */,
				E7A967062C4C50660060459E /* Resources */,
			);
			buildRules = (
			);
			dependencies = (
			);
			name = CandidOps;
			productName = CandidOps;
			productReference = E7A967082C4C50660060459E /* CandidOps.app */;
			productType = "com.apple.product-type.application";
		};
		E7A967172C4C50680060459E /* CandidOpsTests */ = {
			isa = PBXNativeTarget;
			buildConfigurationList = E7A9672F2C4C50680060459E /* Build configuration list for PBXNativeTarget "CandidOpsTests" */;
			buildPhases = (
				E7A967142C4C50680060459E /* Sources */,
				E7A967152C4C50680060459E /* Frameworks */,
				E7A967162C4C50680060459E /* Resources */,
			);
			buildRules = (
			);
			dependencies = (
				E7A9671A2C4C50680060459E /* PBXTargetDependency */,
			);
			name = CandidOpsTests;
			productName = CandidOpsTests;
			productReference = E7A967182C4C50680060459E /* CandidOpsTests.xctest */;
			productType = "com.apple.product-type.bundle.unit-test";
		};
		E7A967212C4C50680060459E /* CandidOpsUITests */ = {
			isa = PBXNativeTarget;
			buildConfigurationList = E7A967322C4C50680060459E /* Build configuration list for PBXNativeTarget "CandidOpsUITests" */;
			buildPhases = (
				E7A9671E2C4C50680060459E /* Sources */,
				E7A9671F2C4C50680060459E /* Frameworks */,
				E7A967202C4C50680060459E /* Resources */,
			);
			buildRules = (
			);
			dependencies = (
				E7A967242C4C50680060459E /* PBXTargetDependency */,
			);
			name = CandidOpsUITests;
			productName = CandidOpsUITests;
			productReference = E7A967222C4C50680060459E /* CandidOpsUITests.xctest */;
			productType = "com.apple.product-type.bundle.ui-testing";
		};
/* End PBXNativeTarget section */

/* Begin PBXProject section */
		E7A967002C4C50660060459E /* Project object */ = {
			isa = PBXProject;
			attributes = {
				BuildIndependentTargetsInParallel = 1;
				LastSwiftUpdateCheck = 1540;
				LastUpgradeCheck = 1540;
				TargetAttributes = {
					E7A967072C4C50660060459E = {
						CreatedOnToolsVersion = 15.4;
					};
					E7A967172C4C50680060459E = {
						CreatedOnToolsVersion = 15.4;
						TestTargetID = E7A967072C4C50660060459E;
					};
					E7A967212C4C50680060459E = {
						CreatedOnToolsVersion = 15.4;
						TestTargetID = E7A967072C4C50660060459E;
					};
				};
			};
			buildConfigurationList = E7A967032C4C50660060459E /* Build configuration list for PBXProject "CandidOps" */;
			compatibilityVersion = "Xcode 14.0";
			developmentRegion = en;
			hasScannedForEncodings = 0;
			knownRegions = (
				en,
				Base,
			);
			mainGroup = E7A966FF2C4C50660060459E;
			productRefGroup = E7A967092C4C50660060459E /* Products */;
			projectDirPath = "";
			projectRoot = "";
			targets = (
				E7A967072C4C50660060459E /* CandidOps */,
				E7A967172C4C50680060459E /* CandidOpsTests */,
				E7A967212C4C50680060459E /* CandidOpsUITests */,
			);
		};
/* End PBXProject section */

/* Begin PBXResourcesBuildPhase section */
		E7A967062C4C50660060459E /* Resources */ = {
			isa = PBXResourcesBuildPhase;
			buildActionMask = 2147483647;
			files = (
				E7A967132C4C50680060459E /* Preview Assets.xcassets in Resources */,
				E7A967102C4C50680060459E /* Assets.xcassets in Resources */,
			);
			runOnlyForDeploymentPostprocessing = 0;
		};
		E7A967162C4C50680060459E /* Resources */ = {
			isa = PBXResourcesBuildPhase;
			buildActionMask = 2147483647;
			files = (
			);
			runOnlyForDeploymentPostprocessing = 0;
		};
		E7A967202C4C50680060459E /* Resources */ = {
			isa = PBXResourcesBuildPhase;
			buildActionMask = 2147483647;
			files = (
			);
			runOnlyForDeploymentPostprocessing = 0;
		};
/* End PBXResourcesBuildPhase section */

/* Begin PBXSourcesBuildPhase section */
		E7A967042C4C50660060459E /* Sources */ = {
			isa = PBXSourcesBuildPhase;
			buildActionMask = 2147483647;
			files = (
				E7A967362C4C51DA0060459E /* LoginView.swift in Sources */,
				E7A9670E2C4C50660060459E /* ContentView.swift in Sources */,
				E7A9673E2C4C5B330060459E /* ImagePicker.swift in Sources */,
				E7A9670C2C4C50660060459E /* CandidOpsApp.swift in Sources */,
				E7A967382C4C597A0060459E /* RegistrationView.swift in Sources */,
			);
			runOnlyForDeploymentPostprocessing = 0;
		};
		E7A967142C4C50680060459E /* Sources */ = {
			isa = PBXSourcesBuildPhase;
			buildActionMask = 2147483647;
			files = (
				E7A9671D2C4C50680060459E /* CandidOpsTests.swift in Sources */,
			);
			runOnlyForDeploymentPostprocessing = 0;
		};
		E7A9671E2C4C50680060459E /* Sources */ = {
			isa = PBXSourcesBuildPhase;
			buildActionMask = 2147483647;
			files = (
				E7A967292C4C50680060459E /* CandidOpsUITestsLaunchTests.swift in Sources */,
				E7A967272C4C50680060459E /* CandidOpsUITests.swift in Sources */,
			);
			runOnlyForDeploymentPostprocessing = 0;
		};
/* End PBXSourcesBuildPhase section */

/* Begin PBXTargetDependency section */
		E7A9671A2C4C50680060459E /* PBXTargetDependency */ = {
			isa = PBXTargetDependency;
			target = E7A967072C4C50660060459E /* CandidOps */;
			targetProxy = E7A967192C4C50680060459E /* PBXContainerItemProxy */;
		};
		E7A967242C4C50680060459E /* PBXTargetDependency */ = {
			isa = PBXTargetDependency;
			target = E7A967072C4C50660060459E /* CandidOps */;
			targetProxy = E7A967232C4C50680060459E /* PBXContainerItemProxy */;
		};
/* End PBXTargetDependency section */

/* Begin XCBuildConfiguration section */
		E7A9672A2C4C50680060459E /* Debug */ = {
			isa = XCBuildConfiguration;
			buildSettings = {
				ALWAYS_SEARCH_USER_PATHS = NO;
				ASSETCATALOG_COMPILER_GENERATE_SWIFT_ASSET_SYMBOL_EXTENSIONS = YES;
				CLANG_ANALYZER_NONNULL = YES;
				CLANG_ANALYZER_NUMBER_OBJECT_CONVERSION = YES_AGGRESSIVE;
				CLANG_CXX_LANGUAGE_STANDARD = "gnu++20";
				CLANG_ENABLE_MODULES = YES;
				CLANG_ENABLE_OBJC_ARC = YES;
				CLANG_ENABLE_OBJC_WEAK = YES;
				CLANG_WARN_BLOCK_CAPTURE_AUTORELEASING = YES;
				CLANG_WARN_BOOL_CONVERSION = YES;
				CLANG_WARN_COMMA = YES;
				CLANG_WARN_CONSTANT_CONVERSION = YES;
				CLANG_WARN_DEPRECATED_OBJC_IMPLEMENTATIONS = YES;
				CLANG_WARN_DIRECT_OBJC_ISA_USAGE = YES_ERROR;
				CLANG_WARN_DOCUMENTATION_COMMENTS = YES;
				CLANG_WARN_EMPTY_BODY = YES;
				CLANG_WARN_ENUM_CONVERSION = YES;
				CLANG_WARN_INFINITE_RECURSION = YES;
				CLANG_WARN_INT_CONVERSION = YES;
				CLANG_WARN_NON_LITERAL_NULL_CONVERSION = YES;
				CLANG_WARN_OBJC_IMPLICIT_RETAIN_SELF = YES;
				CLANG_WARN_OBJC_LITERAL_CONVERSION = YES;
				CLANG_WARN_OBJC_ROOT_CLASS = YES_ERROR;
				CLANG_WARN_QUOTED_INCLUDE_IN_FRAMEWORK_HEADER = YES;
				CLANG_WARN_RANGE_LOOP_ANALYSIS = YES;
				CLANG_WARN_STRICT_PROTOTYPES = YES;
				CLANG_WARN_SUSPICIOUS_MOVE = YES;
				CLANG_WARN_UNGUARDED_AVAILABILITY = YES_AGGRESSIVE;
				CLANG_WARN_UNREACHABLE_CODE = YES;
				CLANG_WARN__DUPLICATE_METHOD_MATCH = YES;
				COPY_PHASE_STRIP = NO;
				DEBUG_INFORMATION_FORMAT = dwarf;
				ENABLE_STRICT_OBJC_MSGSEND = YES;
				ENABLE_TESTABILITY = YES;
				ENABLE_USER_SCRIPT_SANDBOXING = YES;
				GCC_C_LANGUAGE_STANDARD = gnu17;
				GCC_DYNAMIC_NO_PIC = NO;
				GCC_NO_COMMON_BLOCKS = YES;
				GCC_OPTIMIZATION_LEVEL = 0;
				GCC_PREPROCESSOR_DEFINITIONS = (
					"DEBUG=1",
					"$(inherited)",
				);
				GCC_WARN_64_TO_32_BIT_CONVERSION = YES;
				GCC_WARN_ABOUT_RETURN_TYPE = YES_ERROR;
				GCC_WARN_UNDECLARED_SELECTOR = YES;
				GCC_WARN_UNINITIALIZED_AUTOS = YES_AGGRESSIVE;
				GCC_WARN_UNUSED_FUNCTION = YES;
				GCC_WARN_UNUSED_VARIABLE = YES;
				IPHONEOS_DEPLOYMENT_TARGET = 17.5;
				LOCALIZATION_PREFERS_STRING_CATALOGS = YES;
				MTL_ENABLE_DEBUG_INFO = INCLUDE_SOURCE;
				MTL_FAST_MATH = YES;
				ONLY_ACTIVE_ARCH = YES;
				SDKROOT = iphoneos;
				SWIFT_ACTIVE_COMPILATION_CONDITIONS = "DEBUG $(inherited)";
				SWIFT_OPTIMIZATION_LEVEL = "-Onone";
			};
			name = Debug;
		};
		E7A9672B2C4C50680060459E /* Release */ = {
			isa = XCBuildConfiguration;
			buildSettings = {
				ALWAYS_SEARCH_USER_PATHS = NO;
				ASSETCATALOG_COMPILER_GENERATE_SWIFT_ASSET_SYMBOL_EXTENSIONS = YES;
				CLANG_ANALYZER_NONNULL = YES;
				CLANG_ANALYZER_NUMBER_OBJECT_CONVERSION = YES_AGGRESSIVE;
				CLANG_CXX_LANGUAGE_STANDARD = "gnu++20";
				CLANG_ENABLE_MODULES = YES;
				CLANG_ENABLE_OBJC_ARC = YES;
				CLANG_ENABLE_OBJC_WEAK = YES;
				CLANG_WARN_BLOCK_CAPTURE_AUTORELEASING = YES;
				CLANG_WARN_BOOL_CONVERSION = YES;
				CLANG_WARN_COMMA = YES;
				CLANG_WARN_CONSTANT_CONVERSION = YES;
				CLANG_WARN_DEPRECATED_OBJC_IMPLEMENTATIONS = YES;
				CLANG_WARN_DIRECT_OBJC_ISA_USAGE = YES_ERROR;
				CLANG_WARN_DOCUMENTATION_COMMENTS = YES;
				CLANG_WARN_EMPTY_BODY = YES;
				CLANG_WARN_ENUM_CONVERSION = YES;
				CLANG_WARN_INFINITE_RECURSION = YES;
				CLANG_WARN_INT_CONVERSION = YES;
				CLANG_WARN_NON_LITERAL_NULL_CONVERSION = YES;
				CLANG_WARN_OBJC_IMPLICIT_RETAIN_SELF = YES;
				CLANG_WARN_OBJC_LITERAL_CONVERSION = YES;
				CLANG_WARN_OBJC_ROOT_CLASS = YES_ERROR;
				CLANG_WARN_QUOTED_INCLUDE_IN_FRAMEWORK_HEADER = YES;
				CLANG_WARN_RANGE_LOOP_ANALYSIS = YES;
				CLANG_WARN_STRICT_PROTOTYPES = YES;
				CLANG_WARN_SUSPICIOUS_MOVE = YES;
				CLANG_WARN_UNGUARDED_AVAILABILITY = YES_AGGRESSIVE;
				CLANG_WARN_UNREACHABLE_CODE = YES;
				CLANG_WARN__DUPLICATE_METHOD_MATCH = YES;
				COPY_PHASE_STRIP = NO;
				DEBUG_INFORMATION_FORMAT = "dwarf-with-dsym";
				ENABLE_NS_ASSERTIONS = NO;
				ENABLE_STRICT_OBJC_MSGSEND = YES;
				ENABLE_USER_SCRIPT_SANDBOXING = YES;
				GCC_C_LANGUAGE_STANDARD = gnu17;
				GCC_NO_COMMON_BLOCKS = YES;
				GCC_WARN_64_TO_32_BIT_CONVERSION = YES;
				GCC_WARN_ABOUT_RETURN_TYPE = YES_ERROR;
				GCC_WARN_UNDECLARED_SELECTOR = YES;
				GCC_WARN_UNINITIALIZED_AUTOS = YES_AGGRESSIVE;
				GCC_WARN_UNUSED_FUNCTION = YES;
				GCC_WARN_UNUSED_VARIABLE = YES;
				IPHONEOS_DEPLOYMENT_TARGET = 17.5;
				LOCALIZATION_PREFERS_STRING_CATALOGS = YES;
				MTL_ENABLE_DEBUG_INFO = NO;
				MTL_FAST_MATH = YES;
				SDKROOT = iphoneos;
				SWIFT_COMPILATION_MODE = wholemodule;
				VALIDATE_PRODUCT = YES;
			};
			name = Release;
		};
		E7A9672D2C4C50680060459E /* Debug */ = {
			isa = XCBuildConfiguration;
			buildSettings = {
				ASSETCATALOG_COMPILER_APPICON_NAME = AppIcon;
				ASSETCATALOG_COMPILER_GLOBAL_ACCENT_COLOR_NAME = AccentColor;
				CODE_SIGN_STYLE = Automatic;
				CURRENT_PROJECT_VERSION = 1;
				DEVELOPMENT_ASSET_PATHS = "\"CandidOps/Preview Content\"";
				ENABLE_PREVIEWS = YES;
				GENERATE_INFOPLIST_FILE = YES;
				INFOPLIST_KEY_UIApplicationSceneManifest_Generation = YES;
				INFOPLIST_KEY_UIApplicationSupportsIndirectInputEvents = YES;
				INFOPLIST_KEY_UILaunchScreen_Generation = YES;
				INFOPLIST_KEY_UISupportedInterfaceOrientations_iPad = "UIInterfaceOrientationPortrait UIInterfaceOrientationPortraitUpsideDown UIInterfaceOrientationLandscapeLeft UIInterfaceOrientationLandscapeRight";
				INFOPLIST_KEY_UISupportedInterfaceOrientations_iPhone = "UIInterfaceOrientationPortrait UIInterfaceOrientationLandscapeLeft UIInterfaceOrientationLandscapeRight";
				LD_RUNPATH_SEARCH_PATHS = (
					"$(inherited)",
					"@executable_path/Frameworks",
				);
				MARKETING_VERSION = 1.0;
				PRODUCT_BUNDLE_IDENTIFIER = plazm.CandidOps;
				PRODUCT_NAME = "$(TARGET_NAME)";
				SWIFT_EMIT_LOC_STRINGS = YES;
				SWIFT_VERSION = 5.0;
				TARGETED_DEVICE_FAMILY = "1,2";
			};
			name = Debug;
		};
		E7A9672E2C4C50680060459E /* Release */ = {
			isa = XCBuildConfiguration;
			buildSettings = {
				ASSETCATALOG_COMPILER_APPICON_NAME = AppIcon;
				ASSETCATALOG_COMPILER_GLOBAL_ACCENT_COLOR_NAME = AccentColor;
				CODE_SIGN_STYLE = Automatic;
				CURRENT_PROJECT_VERSION = 1;
				DEVELOPMENT_ASSET_PATHS = "\"CandidOps/Preview Content\"";
				ENABLE_PREVIEWS = YES;
				GENERATE_INFOPLIST_FILE = YES;
				INFOPLIST_KEY_UIApplicationSceneManifest_Generation = YES;
				INFOPLIST_KEY_UIApplicationSupportsIndirectInputEvents = YES;
				INFOPLIST_KEY_UILaunchScreen_Generation = YES;
				INFOPLIST_KEY_UISupportedInterfaceOrientations_iPad = "UIInterfaceOrientationPortrait UIInterfaceOrientationPortraitUpsideDown UIInterfaceOrientationLandscapeLeft UIInterfaceOrientationLandscapeRight";
				INFOPLIST_KEY_UISupportedInterfaceOrientations_iPhone = "UIInterfaceOrientationPortrait UIInterfaceOrientationLandscapeLeft UIInterfaceOrientationLandscapeRight";
				LD_RUNPATH_SEARCH_PATHS = (
					"$(inherited)",
					"@executable_path/Frameworks",
				);
				MARKETING_VERSION = 1.0;
				PRODUCT_BUNDLE_IDENTIFIER = plazm.CandidOps;
				PRODUCT_NAME = "$(TARGET_NAME)";
				SWIFT_EMIT_LOC_STRINGS = YES;
				SWIFT_VERSION = 5.0;
				TARGETED_DEVICE_FAMILY = "1,2";
			};
			name = Release;
		};
		E7A967302C4C50680060459E /* Debug */ = {
			isa = XCBuildConfiguration;
			buildSettings = {
				ALWAYS_EMBED_SWIFT_STANDARD_LIBRARIES = YES;
				BUNDLE_LOADER = "$(TEST_HOST)";
				CODE_SIGN_STYLE = Automatic;
				CURRENT_PROJECT_VERSION = 1;
				GENERATE_INFOPLIST_FILE = YES;
				IPHONEOS_DEPLOYMENT_TARGET = 17.5;
				MARKETING_VERSION = 1.0;
				PRODUCT_BUNDLE_IDENTIFIER = plazm.CandidOpsTests;
				PRODUCT_NAME = "$(TARGET_NAME)";
				SWIFT_EMIT_LOC_STRINGS = NO;
				SWIFT_VERSION = 5.0;
				TARGETED_DEVICE_FAMILY = "1,2";
				TEST_HOST = "$(BUILT_PRODUCTS_DIR)/CandidOps.app/$(BUNDLE_EXECUTABLE_FOLDER_PATH)/CandidOps";
			};
			name = Debug;
		};
		E7A967312C4C50680060459E /* Release */ = {
			isa = XCBuildConfiguration;
			buildSettings = {
				ALWAYS_EMBED_SWIFT_STANDARD_LIBRARIES = YES;
				BUNDLE_LOADER = "$(TEST_HOST)";
				CODE_SIGN_STYLE = Automatic;
				CURRENT_PROJECT_VERSION = 1;
				GENERATE_INFOPLIST_FILE = YES;
				IPHONEOS_DEPLOYMENT_TARGET = 17.5;
				MARKETING_VERSION = 1.0;
				PRODUCT_BUNDLE_IDENTIFIER = plazm.CandidOpsTests;
				PRODUCT_NAME = "$(TARGET_NAME)";
				SWIFT_EMIT_LOC_STRINGS = NO;
				SWIFT_VERSION = 5.0;
				TARGETED_DEVICE_FAMILY = "1,2";
				TEST_HOST = "$(BUILT_PRODUCTS_DIR)/CandidOps.app/$(BUNDLE_EXECUTABLE_FOLDER_PATH)/CandidOps";
			};
			name = Release;
		};
		E7A967332C4C50680060459E /* Debug */ = {
			isa = XCBuildConfiguration;
			buildSettings = {
				ALWAYS_EMBED_SWIFT_STANDARD_LIBRARIES = YES;
				CODE_SIGN_STYLE = Automatic;
				CURRENT_PROJECT_VERSION = 1;
				GENERATE_INFOPLIST_FILE = YES;
				MARKETING_VERSION = 1.0;
				PRODUCT_BUNDLE_IDENTIFIER = plazm.CandidOpsUITests;
				PRODUCT_NAME = "$(TARGET_NAME)";
				SWIFT_EMIT_LOC_STRINGS = NO;
				SWIFT_VERSION = 5.0;
				TARGETED_DEVICE_FAMILY = "1,2";
				TEST_TARGET_NAME = CandidOps;
			};
			name = Debug;
		};
		E7A967342C4C50680060459E /* Release */ = {
			isa = XCBuildConfiguration;
			buildSettings = {
				ALWAYS_EMBED_SWIFT_STANDARD_LIBRARIES = YES;
				CODE_SIGN_STYLE = Automatic;
				CURRENT_PROJECT_VERSION = 1;
				GENERATE_INFOPLIST_FILE = YES;
				MARKETING_VERSION = 1.0;
				PRODUCT_BUNDLE_IDENTIFIER = plazm.CandidOpsUITests;
				PRODUCT_NAME = "$(TARGET_NAME)";
				SWIFT_EMIT_LOC_STRINGS = NO;
				SWIFT_VERSION = 5.0;
				TARGETED_DEVICE_FAMILY = "1,2";
				TEST_TARGET_NAME = CandidOps;
			};
			name = Release;
		};
/* End XCBuildConfiguration section */

/* Begin XCConfigurationList section */
		E7A967032C4C50660060459E /* Build configuration list for PBXProject "CandidOps" */ = {
			isa = XCConfigurationList;
			buildConfigurations = (
				E7A9672A2C4C50680060459E /* Debug */,
				E7A9672B2C4C50680060459E /* Release */,
			);
			defaultConfigurationIsVisible = 0;
			defaultConfigurationName = Release;
		};
		E7A9672C2C4C50680060459E /* Build configuration list for PBXNativeTarget "CandidOps" */ = {
			isa = XCConfigurationList;
			buildConfigurations = (
				E7A9672D2C4C50680060459E /* Debug */,
				E7A9672E2C4C50680060459E /* Release */,
			);
			defaultConfigurationIsVisible = 0;
			defaultConfigurationName = Release;
		};
		E7A9672F2C4C50680060459E /* Build configuration list for PBXNativeTarget "CandidOpsTests" */ = {
			isa = XCConfigurationList;
			buildConfigurations = (
				E7A967302C4C50680060459E /* Debug */,
				E7A967312C4C50680060459E /* Release */,
			);
			defaultConfigurationIsVisible = 0;
			defaultConfigurationName = Release;
		};
		E7A967322C4C50680060459E /* Build configuration list for PBXNativeTarget "CandidOpsUITests" */ = {
			isa = XCConfigurationList;
			buildConfigurations = (
				E7A967332C4C50680060459E /* Debug */,
				E7A967342C4C50680060459E /* Release */,
			);
			defaultConfigurationIsVisible = 0;
			defaultConfigurationName = Release;
		};
/* End XCConfigurationList section */
	};
	rootObject = E7A967002C4C50660060459E /* Project object */;
}
